
Microsoft Visual Studio Solution File, Format Version 12.00
# Visual Studio Version 17
VisualStudioVersion = 17.1.32319.34
MinimumVisualStudioVersion = 10.0.40219.1
Project("{FAE04EC0-301F-11D3-BF4B-00C04F79EFBC}") = "EmuRussiaGame", "EmuRussiaGame.csproj", "{83BD116D-AD24-44C1-A75C-CA0498D0443E}"
EndProject
Global
	GlobalSection(SolutionConfigurationPlatforms) = preSolution
		Debug|Any CPU = Debug|Any CPU
		Release|Any CPU = Release|Any CPU
	EndGlobalSection
	GlobalSection(ProjectConfigurationPlatforms) = postSolution
		{83BD116D-AD24-44C1-A75C-CA0498D0443E}.Debug|Any CPU.ActiveCfg = Debug|Any CPU
		{83BD116D-AD24-44C1-A75C-CA0498D0443E}.Debug|Any CPU.Build.0 = Debug|Any CPU
		{83BD116D-AD24-44C1-A75C-CA0498D0443E}.Release|Any CPU.ActiveCfg = Release|Any CPU
		{83BD116D-AD24-44C1-A75C-CA0498D0443E}.Release|Any CPU.Build.0 = Release|Any CPU
	EndGlobalSection
	GlobalSection(SolutionProperties) = preSolution
		HideSolutionNode = FALSE
	EndGlobalSection
	GlobalSection(ExtensibilityGlobals) = postSolution
		SolutionGuid = {89D77C93-1F41-4302-B56B-CBE362E67E53}
	EndGlobalSection
EndGlobal
